
Microsoft Visual Studio Solution File, Format Version 12.00
# Visual Studio Version 17
VisualStudioVersion = 17.6.33723.286
MinimumVisualStudioVersion = 10.0.40219.1
Project("{FAE04EC0-301F-11D3-BF4B-00C04F79EFBC}") = "Electrodomestico.Android", "Electrodomestico\Electrodomestico.Android\Electrodomestico.Android.csproj", "{FC8E87CF-F162-4FED-95AF-3374F9028F96}"
EndProject
Project("{FAE04EC0-301F-11D3-BF4B-00C04F79EFBC}") = "Electrodomestico", "Electrodomestico\Electrodomestico\Electrodomestico.csproj", "{C4C53B4D-4667-437C-986B-4C3E9BC19447}"
EndProject
Global
	GlobalSection(SolutionConfigurationPlatforms) = preSolution
		Debug|Any CPU = Debug|Any CPU
		Release|Any CPU = Release|Any CPU
	EndGlobalSection
	GlobalSection(ProjectConfigurationPlatforms) = postSolution
		{FC8E87CF-F162-4FED-95AF-3374F9028F96}.Debug|Any CPU.ActiveCfg = Debug|Any CPU
		{FC8E87CF-F162-4FED-95AF-3374F9028F96}.Debug|Any CPU.Build.0 = Debug|Any CPU
		{FC8E87CF-F162-4FED-95AF-3374F9028F96}.Debug|Any CPU.Deploy.0 = Debug|Any CPU
		{FC8E87CF-F162-4FED-95AF-3374F9028F96}.Release|Any CPU.ActiveCfg = Release|Any CPU
		{FC8E87CF-F162-4FED-95AF-3374F9028F96}.Release|Any CPU.Build.0 = Release|Any CPU
		{FC8E87CF-F162-4FED-95AF-3374F9028F96}.Release|Any CPU.Deploy.0 = Release|Any CPU
		{C4C53B4D-4667-437C-986B-4C3E9BC19447}.Debug|Any CPU.ActiveCfg = Debug|Any CPU
		{C4C53B4D-4667-437C-986B-4C3E9BC19447}.Debug|Any CPU.Build.0 = Debug|Any CPU
		{C4C53B4D-4667-437C-986B-4C3E9BC19447}.Debug|Any CPU.Deploy.0 = Debug|Any CPU
		{C4C53B4D-4667-437C-986B-4C3E9BC19447}.Release|Any CPU.ActiveCfg = Release|Any CPU
		{C4C53B4D-4667-437C-986B-4C3E9BC19447}.Release|Any CPU.Build.0 = Release|Any CPU
		{C4C53B4D-4667-437C-986B-4C3E9BC19447}.Release|Any CPU.Deploy.0 = Release|Any CPU
	EndGlobalSection
	GlobalSection(SolutionProperties) = preSolution
		HideSolutionNode = FALSE
	EndGlobalSection
	GlobalSection(ExtensibilityGlobals) = postSolution
		SolutionGuid = {D4717644-8AE2-4828-96B2-F4A06C0AB244}
	EndGlobalSection
EndGlobal
